lockfileVersion: '9.0'

settings:
  autoInstallPeers: true
  excludeLinksFromLockfile: false

importers:

  .:
    dependencies:
      react-masonry-css:
        specifier: ^1.0.16
        version: 1.0.16(react@19.1.0)

packages:

  react-masonry-css@1.0.16:
    resolution: {integrity: sha512-KSW0hR2VQmltt/qAa3eXOctQDyOu7+ZBevtKgpNDSzT7k5LA/0XntNa9z9HKCdz3QlxmJHglTZ18e4sX4V8zZQ==}
    peerDependencies:
      react: '>=16.0.0'

  react@19.1.0:
    resolution: {integrity: sha512-FS+XFBNvn3GTAWq26joslQgWNoFu08F4kl0J4CgdNKADkdSGXQyTCnKteIAJy96Br6YbpEU1LSzV5dYtjMkMDg==}
    engines: {node: '>=0.10.0'}

snapshots:

  react-masonry-css@1.0.16(react@19.1.0):
    dependencies:
      react: 19.1.0

  react@19.1.0: {}
